
Microsoft Visual Studio Solution File, Format Version 12.00
# Visual Studio Version 17
VisualStudioVersion = 17.14.36221.1
MinimumVisualStudioVersion = 10.0.40219.1
Project("{FAE04EC0-301F-11D3-BF4B-00C04F79EFBC}") = "DesignPattern_AbstractFactory", "DesignPattern_AbstractFactory\DesignPattern_AbstractFactory.csproj", "{45C712C2-9211-4434-9440-851A6D192171}"
EndProject
Project("{FAE04EC0-301F-11D3-BF4B-00C04F79EFBC}") = "DesignPattern_Singleton", "DesignPattern_Singleton\DesignPattern_Singleton.csproj", "{BE7AF4A6-C4A9-4F32-A69B-1A0CE3C966F3}"
EndProject
Project("{FAE04EC0-301F-11D3-BF4B-00C04F79EFBC}") = "DesignPattern_Command_State", "DesignPattern_Command_State\DesignPattern_Command_State.csproj", "{4765C75F-0306-43E9-A9FC-1E1FDB3FA211}"
EndProject
Project("{FAE04EC0-301F-11D3-BF4B-00C04F79EFBC}") = "DesignPattern_Strategy_Observer", "DesignPattern_Strategy_Observer\DesignPattern_Strategy_Observer.csproj", "{2EBFB1ED-95EC-4D92-8C31-8138F4778652}"
EndProject
Project("{FAE04EC0-301F-11D3-BF4B-00C04F79EFBC}") = "DesignPattern_FactoryMethod_Strategy_Observer", "DesignPattern_FactoryMethod_Strategy_Observer\DesignPattern_FactoryMethod_Strategy_Observer.csproj", "{6B66BB3D-F30B-4CDE-B33F-FD10102EF9D9}"
EndProject
Project("{FAE04EC0-301F-11D3-BF4B-00C04F79EFBC}") = "DesignPattern_Command_TemplateMethod_Iterator", "DesignPattern_Command_TemplateMethod_Iterator\DesignPattern_Command_TemplateMethod_Iterator.csproj", "{18DFC3DA-A5F7-472D-9EE4-230F7E35041A}"
EndProject
Global
	GlobalSection(SolutionConfigurationPlatforms) = preSolution
		Debug|Any CPU = Debug|Any CPU
		Release|Any CPU = Release|Any CPU
	EndGlobalSection
	GlobalSection(ProjectConfigurationPlatforms) = postSolution
		{45C712C2-9211-4434-9440-851A6D192171}.Debug|Any CPU.ActiveCfg = Debug|Any CPU
		{45C712C2-9211-4434-9440-851A6D192171}.Debug|Any CPU.Build.0 = Debug|Any CPU
		{45C712C2-9211-4434-9440-851A6D192171}.Release|Any CPU.ActiveCfg = Release|Any CPU
		{45C712C2-9211-4434-9440-851A6D192171}.Release|Any CPU.Build.0 = Release|Any CPU
		{BE7AF4A6-C4A9-4F32-A69B-1A0CE3C966F3}.Debug|Any CPU.ActiveCfg = Debug|Any CPU
		{BE7AF4A6-C4A9-4F32-A69B-1A0CE3C966F3}.Debug|Any CPU.Build.0 = Debug|Any CPU
		{BE7AF4A6-C4A9-4F32-A69B-1A0CE3C966F3}.Release|Any CPU.ActiveCfg = Release|Any CPU
		{BE7AF4A6-C4A9-4F32-A69B-1A0CE3C966F3}.Release|Any CPU.Build.0 = Release|Any CPU
		{4765C75F-0306-43E9-A9FC-1E1FDB3FA211}.Debug|Any CPU.ActiveCfg = Debug|Any CPU
		{4765C75F-0306-43E9-A9FC-1E1FDB3FA211}.Debug|Any CPU.Build.0 = Debug|Any CPU
		{4765C75F-0306-43E9-A9FC-1E1FDB3FA211}.Release|Any CPU.ActiveCfg = Release|Any CPU
		{4765C75F-0306-43E9-A9FC-1E1FDB3FA211}.Release|Any CPU.Build.0 = Release|Any CPU
		{2EBFB1ED-95EC-4D92-8C31-8138F4778652}.Debug|Any CPU.ActiveCfg = Debug|Any CPU
		{2EBFB1ED-95EC-4D92-8C31-8138F4778652}.Debug|Any CPU.Build.0 = Debug|Any CPU
		{2EBFB1ED-95EC-4D92-8C31-8138F4778652}.Release|Any CPU.ActiveCfg = Release|Any CPU
		{2EBFB1ED-95EC-4D92-8C31-8138F4778652}.Release|Any CPU.Build.0 = Release|Any CPU
		{6B66BB3D-F30B-4CDE-B33F-FD10102EF9D9}.Debug|Any CPU.ActiveCfg = Debug|Any CPU
		{6B66BB3D-F30B-4CDE-B33F-FD10102EF9D9}.Debug|Any CPU.Build.0 = Debug|Any CPU
		{6B66BB3D-F30B-4CDE-B33F-FD10102EF9D9}.Release|Any CPU.ActiveCfg = Release|Any CPU
		{6B66BB3D-F30B-4CDE-B33F-FD10102EF9D9}.Release|Any CPU.Build.0 = Release|Any CPU
		{18DFC3DA-A5F7-472D-9EE4-230F7E35041A}.Debug|Any CPU.ActiveCfg = Debug|Any CPU
		{18DFC3DA-A5F7-472D-9EE4-230F7E35041A}.Debug|Any CPU.Build.0 = Debug|Any CPU
		{18DFC3DA-A5F7-472D-9EE4-230F7E35041A}.Release|Any CPU.ActiveCfg = Release|Any CPU
		{18DFC3DA-A5F7-472D-9EE4-230F7E35041A}.Release|Any CPU.Build.0 = Release|Any CPU
	EndGlobalSection
	GlobalSection(SolutionProperties) = preSolution
		HideSolutionNode = FALSE
	EndGlobalSection
	GlobalSection(ExtensibilityGlobals) = postSolution
		SolutionGuid = {3D6BFCD8-C91E-4467-8D02-EAF8D2B4ADD2}
	EndGlobalSection
EndGlobal
